
Microsoft Visual Studio Solution File, Format Version 12.00
# Visual Studio Version 17
VisualStudioVersion = 17.4.33205.214
MinimumVisualStudioVersion = 10.0.40219.1
Project("{FAE04EC0-301F-11D3-BF4B-00C04F79EFBC}") = "PlanUP", "PlanUP\PlanUP.csproj", "{C56474FE-DDC6-4F1E-A854-CF947FA0B59B}"
EndProject
Global
	GlobalSection(SolutionConfigurationPlatforms) = preSolution
		Debug|Any CPU = Debug|Any CPU
		Release|Any CPU = Release|Any CPU
	EndGlobalSection
	GlobalSection(ProjectConfigurationPlatforms) = postSolution
		{C56474FE-DDC6-4F1E-A854-CF947FA0B59B}.Debug|Any CPU.ActiveCfg = Debug|Any CPU
		{C56474FE-DDC6-4F1E-A854-CF947FA0B59B}.Debug|Any CPU.Build.0 = Debug|Any CPU
		{C56474FE-DDC6-4F1E-A854-CF947FA0B59B}.Release|Any CPU.ActiveCfg = Release|Any CPU
		{C56474FE-DDC6-4F1E-A854-CF947FA0B59B}.Release|Any CPU.Build.0 = Release|Any CPU
	EndGlobalSection
	GlobalSection(SolutionProperties) = preSolution
		HideSolutionNode = FALSE
	EndGlobalSection
	GlobalSection(ExtensibilityGlobals) = postSolution
		SolutionGuid = {F6232311-C54A-45E7-A98D-3DF764C1844B}
	EndGlobalSection
EndGlobal
